
Microsoft Visual Studio Solution File, Format Version 12.00
# Visual Studio Version 17
VisualStudioVersion = 17.3.32901.215
MinimumVisualStudioVersion = 10.0.40219.1
Project("{FAE04EC0-301F-11D3-BF4B-00C04F79EFBC}") = "TelegramBot", "TelegramBot.csproj", "{11E26322-82E8-4B5A-A693-B338F34CDDDD}"
EndProject
Global
	GlobalSection(SolutionConfigurationPlatforms) = preSolution
		Debug|Any CPU = Debug|Any CPU
		Release|Any CPU = Release|Any CPU
	EndGlobalSection
	GlobalSection(ProjectConfigurationPlatforms) = postSolution
		{11E26322-82E8-4B5A-A693-B338F34CDDDD}.Debug|Any CPU.ActiveCfg = Debug|Any CPU
		{11E26322-82E8-4B5A-A693-B338F34CDDDD}.Debug|Any CPU.Build.0 = Debug|Any CPU
		{11E26322-82E8-4B5A-A693-B338F34CDDDD}.Release|Any CPU.ActiveCfg = Release|Any CPU
		{11E26322-82E8-4B5A-A693-B338F34CDDDD}.Release|Any CPU.Build.0 = Release|Any CPU
	EndGlobalSection
	GlobalSection(SolutionProperties) = preSolution
		HideSolutionNode = FALSE
	EndGlobalSection
	GlobalSection(ExtensibilityGlobals) = postSolution
		SolutionGuid = {4086F226-9ADC-4252-81E4-D7AA7B64F3A2}
	EndGlobalSection
EndGlobal
